// !$*UTF8*$!
{
	archiveVersion = 1;
	classes = {
	};
	objectVersion = 77;
	objects = {

/* Begin PBXBuildFile section */
		F135277C2F99D3E500847E51 /* DimensionCompute.swift in Sources */ = {isa = PBXBuildFile; fileRef = F13527752F99D3E400847E51 /* DimensionCompute.swift */; };
		F135277D2F99D3E500847E51 /* MediaItem.swift in Sources */ = {isa = PBXBuildFile; fileRef = F13527702F99D3E400847E51 /* MediaItem.swift */; };
		F135277E2F99D3E500847E51 /* DesignTokens.swift in Sources */ = {isa = PBXBuildFile; fileRef = F13527782F99D3E400847E51 /* DesignTokens.swift */; };
		F135277F2F99D3E500847E51 /* Formatter.swift in Sources */ = {isa = PBXBuildFile; fileRef = F135277A2F99D3E400847E51 /* Formatter.swift */; };
		F13527802F99D3E500847E51 /* MomentStore.swift in Sources */ = {isa = PBXBuildFile; fileRef = F13527762F99D3E400847E51 /* MomentStore.swift */; };
		F13527812F99D3E500847E51 /* Moment.swift in Sources */ = {isa = PBXBuildFile; fileRef = F13527712F99D3E400847E51 /* Moment.swift */; };
		F13527822F99D3E500847E51 /* Dimension.swift in Sources */ = {isa = PBXBuildFile; fileRef = F135276F2F99D3E400847E51 /* Dimension.swift */; };
		F13527832F99D3E500847E51 /* UserProfile.swift in Sources */ = {isa = PBXBuildFile; fileRef = F13527732F99D3E400847E51 /* UserProfile.swift */; };
		F13527842F99D3E500847E51 /* FileStore.swift in Sources */ = {isa = PBXBuildFile; fileRef = F13527792F99D3E400847E51 /* FileStore.swift */; };
		F13527852F99D3E500847E51 /* Settings.swift in Sources */ = {isa = PBXBuildFile; fileRef = F13527722F99D3E400847E51 /* Settings.swift */; };
		F2A000012FAA000100000001 /* DimensionParams.swift in Sources */ = {isa = PBXBuildFile; fileRef = F2A000002FAA000100000001 /* DimensionParams.swift */; };
/* End PBXBuildFile section */

/* Begin PBXContainerItemProxy section */
		F13D3F822F989EE5007D270B /* PBXContainerItemProxy */ = {
			isa = PBXContainerItemProxy;
			containerPortal = F13D3F6A2F989EE4007D270B /* Project object */;
			proxyType = 1;
			remoteGlobalIDString = F13D3F712F989EE4007D270B;
			remoteInfo = TimeBank;
		};
		F13D3F8C2F989EE5007D270B /* PBXContainerItemProxy */ = {
			isa = PBXContainerItemProxy;
			containerPortal = F13D3F6A2F989EE4007D270B /* Project object */;
			proxyType = 1;
			remoteGlobalIDString = F13D3F712F989EE4007D270B;
			remoteInfo = TimeBank;
		};
/* End PBXContainerItemProxy section */

/* Begin PBXFileReference section */
		F135276F2F99D3E400847E51 /* Dimension.swift */ = {isa = PBXFileReference; lastKnownFileType = sourcecode.swift; path = Dimension.swift; sourceTree = "<group>"; };
		F2A000002FAA000100000001 /* DimensionParams.swift */ = {isa = PBXFileReference; lastKnownFileType = sourcecode.swift; path = DimensionParams.swift; sourceTree = "<group>"; };
		F13527702F99D3E400847E51 /* MediaItem.swift */ = {isa = PBXFileReference; lastKnownFileType = sourcecode.swift; path = MediaItem.swift; sourceTree = "<group>"; };
		F13527712F99D3E400847E51 /* Moment.swift */ = {isa = PBXFileReference; lastKnownFileType = sourcecode.swift; path = Moment.swift; sourceTree = "<group>"; };
		F13527722F99D3E400847E51 /* Settings.swift */ = {isa = PBXFileReference; lastKnownFileType = sourcecode.swift; path = Settings.swift; sourceTree = "<group>"; };
		F13527732F99D3E400847E51 /* UserProfile.swift */ = {isa = PBXFileReference; lastKnownFileType = sourcecode.swift; path = UserProfile.swift; sourceTree = "<group>"; };
		F13527752F99D3E400847E51 /* DimensionCompute.swift */ = {isa = PBXFileReference; lastKnownFileType = sourcecode.swift; path = DimensionCompute.swift; sourceTree = "<group>"; };
		F13527762F99D3E400847E51 /* MomentStore.swift */ = {isa = PBXFileReference; lastKnownFileType = sourcecode.swift; path = MomentStore.swift; sourceTree = "<group>"; };
		F13527782F99D3E400847E51 /* DesignTokens.swift */ = {isa = PBXFileReference; lastKnownFileType = sourcecode.swift; path = DesignTokens.swift; sourceTree = "<group>"; };
		F13527792F99D3E400847E51 /* FileStore.swift */ = {isa = PBXFileReference; lastKnownFileType = sourcecode.swift; path = FileStore.swift; sourceTree = "<group>"; };
		F135277A2F99D3E400847E51 /* Formatter.swift */ = {isa = PBXFileReference; lastKnownFileType = sourcecode.swift; path = Formatter.swift; sourceTree = "<group>"; };
		F13D3F722F989EE4007D270B /* TimeBank.app */ = {isa = PBXFileReference; explicitFileType = wrapper.application; includeInIndex = 0; path = TimeBank.app; sourceTree = BUILT_PRODUCTS_DIR; };
		F13D3F812F989EE5007D270B /* TimeBankTests.xctest */ = {isa = PBXFileReference; explicitFileType = wrapper.cfbundle; includeInIndex = 0; path = TimeBankTests.xctest; sourceTree = BUILT_PRODUCTS_DIR; };
		F13D3F8B2F989EE5007D270B /* TimeBankUITests.xctest */ = {isa = PBXFileReference; explicitFileType = wrapper.cfbundle; includeInIndex = 0; path = TimeBankUITests.xctest; sourceTree = BUILT_PRODUCTS_DIR; };
/* End PBXFileReference section */

/* Begin PBXFileSystemSynchronizedRootGroup section */
		F13D3F742F989EE4007D270B /* TimeBank */ = {
			isa = PBXFileSystemSynchronizedRootGroup;
			path = TimeBank;
			sourceTree = "<group>";
		};
		F13D3F842F989EE5007D270B /* TimeBankTests */ = {
			isa = PBXFileSystemSynchronizedRootGroup;
			path = TimeBankTests;
			sourceTree = "<group>";
		};
		F13D3F8E2F989EE5007D270B /* TimeBankUITests */ = {
			isa = PBXFileSystemSynchronizedRootGroup;
			path = TimeBankUITests;
			sourceTree = "<group>";
		};
/* End PBXFileSystemSynchronizedRootGroup section */

/* Begin PBXFrameworksBuildPhase section */
		F13D3F6F2F989EE4007D270B /* Frameworks */ = {
			isa = PBXFrameworksBuildPhase;
			buildActionMask = 2147483647;
			files = (
			);
			runOnlyForDeploymentPostprocessing = 0;
		};
		F13D3F7E2F989EE5007D270B /* Frameworks */ = {
			isa = PBXFrameworksBuildPhase;
			buildActionMask = 2147483647;
			files = (
			);
			runOnlyForDeploymentPostprocessing = 0;
		};
		F13D3F882F989EE5007D270B /* Frameworks */ = {
			isa = PBXFrameworksBuildPhase;
			buildActionMask = 2147483647;
			files = (
			);
			runOnlyForDeploymentPostprocessing = 0;
		};
/* End PBXFrameworksBuildPhase section */

/* Begin PBXGroup section */
		F13527742F99D3E400847E51 /* Models */ = {
			isa = PBXGroup;
			children = (
				F135276F2F99D3E400847E51 /* Dimension.swift */,
				F2A000002FAA000100000001 /* DimensionParams.swift */,
				F13527702F99D3E400847E51 /* MediaItem.swift */,
				F13527712F99D3E400847E51 /* Moment.swift */,
				F13527722F99D3E400847E51 /* Settings.swift */,
				F13527732F99D3E400847E51 /* UserProfile.swift */,
			);
			path = Models;
			sourceTree = "<group>";
		};
		F13527772F99D3E400847E51 /* Shared */ = {
			isa = PBXGroup;
			children = (
				F13527752F99D3E400847E51 /* DimensionCompute.swift */,
				F13527762F99D3E400847E51 /* MomentStore.swift */,
			);
			path = Shared;
			sourceTree = "<group>";
		};
		F135277B2F99D3E400847E51 /* Utility */ = {
			isa = PBXGroup;
			children = (
				F13527782F99D3E400847E51 /* DesignTokens.swift */,
				F13527792F99D3E400847E51 /* FileStore.swift */,
				F135277A2F99D3E400847E51 /* Formatter.swift */,
			);
			path = Utility;
			sourceTree = "<group>";
		};
		F13D3F692F989EE4007D270B = {
			isa = PBXGroup;
			children = (
				F13527742F99D3E400847E51 /* Models */,
				F13527772F99D3E400847E51 /* Shared */,
				F135277B2F99D3E400847E51 /* Utility */,
				F13D3F742F989EE4007D270B /* TimeBank */,
				F13D3F842F989EE5007D270B /* TimeBankTests */,
				F13D3F8E2F989EE5007D270B /* TimeBankUITests */,
				F13D3F732F989EE4007D270B /* Products */,
			);
			sourceTree = "<group>";
		};
		F13D3F732F989EE4007D270B /* Products */ = {
			isa = PBXGroup;
			children = (
				F13D3F722F989EE4007D270B /* TimeBank.app */,
				F13D3F812F989EE5007D270B /* TimeBankTests.xctest */,
				F13D3F8B2F989EE5007D270B /* TimeBankUITests.xctest */,
			);
			name = Products;
			sourceTree = "<group>";
		};
/* End PBXGroup section */

/* Begin PBXNativeTarget section */
		F13D3F712F989EE4007D270B /* TimeBank */ = {
			isa = PBXNativeTarget;
			buildConfigurationList = F13D3F952F989EE5007D270B /* Build configuration list for PBXNativeTarget "TimeBank" */;
			buildPhases = (
				F13D3F6E2F989EE4007D270B /* Sources */,
				F13D3F6F2F989EE4007D270B /* Frameworks */,
				F13D3F702F989EE4007D270B /* Resources */,
			);
			buildRules = (
			);
			dependencies = (
			);
			fileSystemSynchronizedGroups = (
				F13D3F742F989EE4007D270B /* TimeBank */,
			);
			name = TimeBank;
			packageProductDependencies = (
			);
			productName = TimeBank;
			productReference = F13D3F722F989EE4007D270B /* TimeBank.app */;
			productType = "com.apple.product-type.application";
		};
		F13D3F802F989EE5007D270B /* TimeBankTests */ = {
			isa = PBXNativeTarget;
			buildConfigurationList = F13D3F982F989EE5007D270B /* Build configuration list for PBXNativeTarget "TimeBankTests" */;
			buildPhases = (
				F13D3F7D2F989EE5007D270B /* Sources */,
				F13D3F7E2F989EE5007D270B /* Frameworks */,
				F13D3F7F2F989EE5007D270B /* Resources */,
			);
			buildRules = (
			);
			dependencies = (
				F13D3F832F989EE5007D270B /* PBXTargetDependency */,
			);
			fileSystemSynchronizedGroups = (
				F13D3F842F989EE5007D270B /* TimeBankTests */,
			);
			name = TimeBankTests;
			packageProductDependencies = (
			);
			productName = TimeBankTests;
			productReference = F13D3F812F989EE5007D270B /* TimeBankTests.xctest */;
			productType = "com.apple.product-type.bundle.unit-test";
		};
		F13D3F8A2F989EE5007D270B /* TimeBankUITests */ = {
			isa = PBXNativeTarget;
			buildConfigurationList = F13D3F9B2F989EE5007D270B /* Build configuration list for PBXNativeTarget "TimeBankUITests" */;
			buildPhases = (
				F13D3F872F989EE5007D270B /* Sources */,
				F13D3F882F989EE5007D270B /* Frameworks */,
				F13D3F892F989EE5007D270B /* Resources */,
			);
			buildRules = (
			);
			dependencies = (
				F13D3F8D2F989EE5007D270B /* PBXTargetDependency */,
			);
			fileSystemSynchronizedGroups = (
				F13D3F8E2F989EE5007D270B /* TimeBankUITests */,
			);
			name = TimeBankUITests;
			packageProductDependencies = (
			);
			productName = TimeBankUITests;
			productReference = F13D3F8B2F989EE5007D270B /* TimeBankUITests.xctest */;
			productType = "com.apple.product-type.bundle.ui-testing";
		};
/* End PBXNativeTarget section */

/* Begin PBXProject section */
		F13D3F6A2F989EE4007D270B /* Project object */ = {
			isa = PBXProject;
			attributes = {
				BuildIndependentTargetsInParallel = 1;
				LastSwiftUpdateCheck = 2640;
				LastUpgradeCheck = 2640;
				TargetAttributes = {
					F13D3F712F989EE4007D270B = {
						CreatedOnToolsVersion = 26.4.1;
					};
					F13D3F802F989EE5007D270B = {
						CreatedOnToolsVersion = 26.4.1;
						TestTargetID = F13D3F712F989EE4007D270B;
					};
					F13D3F8A2F989EE5007D270B = {
						CreatedOnToolsVersion = 26.4.1;
						TestTargetID = F13D3F712F989EE4007D270B;
					};
				};
			};
			buildConfigurationList = F13D3F6D2F989EE4007D270B /* Build configuration list for PBXProject "TimeBank" */;
			developmentRegion = en;
			hasScannedForEncodings = 0;
			knownRegions = (
				en,
				Base,
			);
			mainGroup = F13D3F692F989EE4007D270B;
			minimizedProjectReferenceProxies = 1;
			preferredProjectObjectVersion = 77;
			productRefGroup = F13D3F732F989EE4007D270B /* Products */;
			projectDirPath = "";
			projectRoot = "";
			targets = (
				F13D3F712F989EE4007D270B /* TimeBank */,
				F13D3F802F989EE5007D270B /* TimeBankTests */,
				F13D3F8A2F989EE5007D270B /* TimeBankUITests */,
			);
		};
/* End PBXProject section */

/* Begin PBXResourcesBuildPhase section */
		F13D3F702F989EE4007D270B /* Resources */ = {
			isa = PBXResourcesBuildPhase;
			buildActionMask = 2147483647;
			files = (
			);
			runOnlyForDeploymentPostprocessing = 0;
		};
		F13D3F7F2F989EE5007D270B /* Resources */ = {
			isa = PBXResourcesBuildPhase;
			buildActionMask = 2147483647;
			files = (
			);
			runOnlyForDeploymentPostprocessing = 0;
		};
		F13D3F892F989EE5007D270B /* Resources */ = {
			isa = PBXResourcesBuildPhase;
			buildActionMask = 2147483647;
			files = (
			);
			runOnlyForDeploymentPostprocessing = 0;
		};
/* End PBXResourcesBuildPhase section */

/* Begin PBXSourcesBuildPhase section */
		F13D3F6E2F989EE4007D270B /* Sources */ = {
			isa = PBXSourcesBuildPhase;
			buildActionMask = 2147483647;
			files = (
				F135277C2F99D3E500847E51 /* DimensionCompute.swift in Sources */,
				F135277D2F99D3E500847E51 /* MediaItem.swift in Sources */,
				F135277E2F99D3E500847E51 /* DesignTokens.swift in Sources */,
				F135277F2F99D3E500847E51 /* Formatter.swift in Sources */,
				F13527802F99D3E500847E51 /* MomentStore.swift in Sources */,
				F13527812F99D3E500847E51 /* Moment.swift in Sources */,
				F13527822F99D3E500847E51 /* Dimension.swift in Sources */,
				F2A000012FAA000100000001 /* DimensionParams.swift in Sources */,
				F13527832F99D3E500847E51 /* UserProfile.swift in Sources */,
				F13527842F99D3E500847E51 /* FileStore.swift in Sources */,
				F13527852F99D3E500847E51 /* Settings.swift in Sources */,
			);
			runOnlyForDeploymentPostprocessing = 0;
		};
		F13D3F7D2F989EE5007D270B /* Sources */ = {
			isa = PBXSourcesBuildPhase;
			buildActionMask = 2147483647;
			files = (
			);
			runOnlyForDeploymentPostprocessing = 0;
		};
		F13D3F872F989EE5007D270B /* Sources */ = {
			isa = PBXSourcesBuildPhase;
			buildActionMask = 2147483647;
			files = (
			);
			runOnlyForDeploymentPostprocessing = 0;
		};
/* End PBXSourcesBuildPhase section */

/* Begin PBXTargetDependency section */
		F13D3F832F989EE5007D270B /* PBXTargetDependency */ = {
			isa = PBXTargetDependency;
			target = F13D3F712F989EE4007D270B /* TimeBank */;
			targetProxy = F13D3F822F989EE5007D270B /* PBXContainerItemProxy */;
		};
		F13D3F8D2F989EE5007D270B /* PBXTargetDependency */ = {
			isa = PBXTargetDependency;
			target = F13D3F712F989EE4007D270B /* TimeBank */;
			targetProxy = F13D3F8C2F989EE5007D270B /* PBXContainerItemProxy */;
		};
/* End PBXTargetDependency section */

/* Begin XCBuildConfiguration section */
		F13D3F932F989EE5007D270B /* Debug */ = {
			isa = XCBuildConfiguration;
			buildSettings = {
				ALWAYS_SEARCH_USER_PATHS = NO;
				ASSETCATALOG_COMPILER_GENERATE_SWIFT_ASSET_SYMBOL_EXTENSIONS = YES;
				CLANG_ANALYZER_NONNULL = YES;
				CLANG_ANALYZER_NUMBER_OBJECT_CONVERSION = YES_AGGRESSIVE;
				CLANG_CXX_LANGUAGE_STANDARD = "gnu++20";
				CLANG_ENABLE_MODULES = YES;
				CLANG_ENABLE_OBJC_ARC = YES;
				CLANG_ENABLE_OBJC_WEAK = YES;
				CLANG_WARN_BLOCK_CAPTURE_AUTORELEASING = YES;
				CLANG_WARN_BOOL_CONVERSION = YES;
				CLANG_WARN_COMMA = YES;
				CLANG_WARN_CONSTANT_CONVERSION = YES;
				CLANG_WARN_DEPRECATED_OBJC_IMPLEMENTATIONS = YES;
				CLANG_WARN_DIRECT_OBJC_ISA_USAGE = YES_ERROR;
				CLANG_WARN_DOCUMENTATION_COMMENTS = YES;
				CLANG_WARN_EMPTY_BODY = YES;
				CLANG_WARN_ENUM_CONVERSION = YES;
				CLANG_WARN_INFINITE_RECURSION = YES;
				CLANG_WARN_INT_CONVERSION = YES;
				CLANG_WARN_NON_LITERAL_NULL_CONVERSION = YES;
				CLANG_WARN_OBJC_IMPLICIT_RETAIN_SELF = YES;
				CLANG_WARN_OBJC_LITERAL_CONVERSION = YES;
				CLANG_WARN_OBJC_ROOT_CLASS = YES_ERROR;
				CLANG_WARN_QUOTED_INCLUDE_IN_FRAMEWORK_HEADER = YES;
				CLANG_WARN_RANGE_LOOP_ANALYSIS = YES;
				CLANG_WARN_STRICT_PROTOTYPES = YES;
				CLANG_WARN_SUSPICIOUS_MOVE = YES;
				CLANG_WARN_UNGUARDED_AVAILABILITY = YES_AGGRESSIVE;
				CLANG_WARN_UNREACHABLE_CODE = YES;
				CLANG_WARN__DUPLICATE_METHOD_MATCH = YES;
				COPY_PHASE_STRIP = NO;
				DEBUG_INFORMATION_FORMAT = dwarf;
				DEVELOPMENT_TEAM = Y6G7WKL99D;
				ENABLE_STRICT_OBJC_MSGSEND = YES;
				ENABLE_TESTABILITY = YES;
				ENABLE_USER_SCRIPT_SANDBOXING = YES;
				GCC_C_LANGUAGE_STANDARD = gnu17;
				GCC_DYNAMIC_NO_PIC = NO;
				GCC_NO_COMMON_BLOCKS = YES;
				GCC_OPTIMIZATION_LEVEL = 0;
				GCC_PREPROCESSOR_DEFINITIONS = (
					"DEBUG=1",
					"$(inherited)",
				);
				GCC_WARN_64_TO_32_BIT_CONVERSION = YES;
				GCC_WARN_ABOUT_RETURN_TYPE = YES_ERROR;
				GCC_WARN_UNDECLARED_SELECTOR = YES;
				GCC_WARN_UNINITIALIZED_AUTOS = YES_AGGRESSIVE;
				GCC_WARN_UNUSED_FUNCTION = YES;
				GCC_WARN_UNUSED_VARIABLE = YES;
				IPHONEOS_DEPLOYMENT_TARGET = 26.4;
				LOCALIZATION_PREFERS_STRING_CATALOGS = YES;
				MTL_ENABLE_DEBUG_INFO = INCLUDE_SOURCE;
				MTL_FAST_MATH = YES;
				ONLY_ACTIVE_ARCH = YES;
				SDKROOT = iphoneos;
				SWIFT_ACTIVE_COMPILATION_CONDITIONS = "DEBUG $(inherited)";
				SWIFT_OPTIMIZATION_LEVEL = "-Onone";
			};
			name = Debug;
		};
		F13D3F942F989EE5007D270B /* Release */ = {
			isa = XCBuildConfiguration;
			buildSettings = {
				ALWAYS_SEARCH_USER_PATHS = NO;
				ASSETCATALOG_COMPILER_GENERATE_SWIFT_ASSET_SYMBOL_EXTENSIONS = YES;
				CLANG_ANALYZER_NONNULL = YES;
				CLANG_ANALYZER_NUMBER_OBJECT_CONVERSION = YES_AGGRESSIVE;
				CLANG_CXX_LANGUAGE_STANDARD = "gnu++20";
				CLANG_ENABLE_MODULES = YES;
				CLANG_ENABLE_OBJC_ARC = YES;
				CLANG_ENABLE_OBJC_WEAK = YES;
				CLANG_WARN_BLOCK_CAPTURE_AUTORELEASING = YES;
				CLANG_WARN_BOOL_CONVERSION = YES;
				CLANG_WARN_COMMA = YES;
				CLANG_WARN_CONSTANT_CONVERSION = YES;
				CLANG_WARN_DEPRECATED_OBJC_IMPLEMENTATIONS = YES;
				CLANG_WARN_DIRECT_OBJC_ISA_USAGE = YES_ERROR;
				CLANG_WARN_DOCUMENTATION_COMMENTS = YES;
				CLANG_WARN_EMPTY_BODY = YES;
				CLANG_WARN_ENUM_CONVERSION = YES;
				CLANG_WARN_INFINITE_RECURSION = YES;
				CLANG_WARN_INT_CONVERSION = YES;
				CLANG_WARN_NON_LITERAL_NULL_CONVERSION = YES;
				CLANG_WARN_OBJC_IMPLICIT_RETAIN_SELF = YES;
				CLANG_WARN_OBJC_LITERAL_CONVERSION = YES;
				CLANG_WARN_OBJC_ROOT_CLASS = YES_ERROR;
				CLANG_WARN_QUOTED_INCLUDE_IN_FRAMEWORK_HEADER = YES;
				CLANG_WARN_RANGE_LOOP_ANALYSIS = YES;
				CLANG_WARN_STRICT_PROTOTYPES = YES;
				CLANG_WARN_SUSPICIOUS_MOVE = YES;
				CLANG_WARN_UNGUARDED_AVAILABILITY = YES_AGGRESSIVE;
				CLANG_WARN_UNREACHABLE_CODE = YES;
				CLANG_WARN__DUPLICATE_METHOD_MATCH = YES;
				COPY_PHASE_STRIP = NO;
				DEBUG_INFORMATION_FORMAT = "dwarf-with-dsym";
				DEVELOPMENT_TEAM = Y6G7WKL99D;
				ENABLE_NS_ASSERTIONS = NO;
				ENABLE_STRICT_OBJC_MSGSEND = YES;
				ENABLE_USER_SCRIPT_SANDBOXING = YES;
				GCC_C_LANGUAGE_STANDARD = gnu17;
				GCC_NO_COMMON_BLOCKS = YES;
				GCC_WARN_64_TO_32_BIT_CONVERSION = YES;
				GCC_WARN_ABOUT_RETURN_TYPE = YES_ERROR;
				GCC_WARN_UNDECLARED_SELECTOR = YES;
				GCC_WARN_UNINITIALIZED_AUTOS = YES_AGGRESSIVE;
				GCC_WARN_UNUSED_FUNCTION = YES;
				GCC_WARN_UNUSED_VARIABLE = YES;
				IPHONEOS_DEPLOYMENT_TARGET = 26.4;
				LOCALIZATION_PREFERS_STRING_CATALOGS = YES;
				MTL_ENABLE_DEBUG_INFO = NO;
				MTL_FAST_MATH = YES;
				SDKROOT = iphoneos;
				SWIFT_COMPILATION_MODE = wholemodule;
				VALIDATE_PRODUCT = YES;
			};
			name = Release;
		};
		F13D3F962F989EE5007D270B /* Debug */ = {
			isa = XCBuildConfiguration;
			buildSettings = {
				ASSETCATALOG_COMPILER_APPICON_NAME = AppIcon;
				ASSETCATALOG_COMPILER_GLOBAL_ACCENT_COLOR_NAME = AccentColor;
				CODE_SIGN_STYLE = Automatic;
				CURRENT_PROJECT_VERSION = 1;
				DEVELOPMENT_TEAM = Y6G7WKL99D;
				ENABLE_PREVIEWS = YES;
				GENERATE_INFOPLIST_FILE = YES;
				INFOPLIST_KEY_UIApplicationSceneManifest_Generation = YES;
				INFOPLIST_KEY_UIApplicationSupportsIndirectInputEvents = YES;
				INFOPLIST_KEY_UILaunchScreen_Generation = YES;
				INFOPLIST_KEY_UISupportedInterfaceOrientations_iPad = "UIInterfaceOrientationPortrait UIInterfaceOrientationPortraitUpsideDown UIInterfaceOrientationLandscapeLeft UIInterfaceOrientationLandscapeRight";
				INFOPLIST_KEY_UISupportedInterfaceOrientations_iPhone = "UIInterfaceOrientationPortrait UIInterfaceOrientationLandscapeLeft UIInterfaceOrientationLandscapeRight";
				LD_RUNPATH_SEARCH_PATHS = (
					"$(inherited)",
					"@executable_path/Frameworks",
				);
				MARKETING_VERSION = 1.0;
				PRODUCT_BUNDLE_IDENTIFIER = com.adamchen.TimeBank;
				PRODUCT_NAME = "$(TARGET_NAME)";
				STRING_CATALOG_GENERATE_SYMBOLS = YES;
				SWIFT_APPROACHABLE_CONCURRENCY = YES;
				SWIFT_DEFAULT_ACTOR_ISOLATION = MainActor;
				SWIFT_EMIT_LOC_STRINGS = YES;
				SWIFT_UPCOMING_FEATURE_MEMBER_IMPORT_VISIBILITY = YES;
				SWIFT_VERSION = 5.0;
				TARGETED_DEVICE_FAMILY = "1,2";
			};
			name = Debug;
		};
		F13D3F972F989EE5007D270B /* Release */ = {
			isa = XCBuildConfiguration;
			buildSettings = {
				ASSETCATALOG_COMPILER_APPICON_NAME = AppIcon;
				ASSETCATALOG_COMPILER_GLOBAL_ACCENT_COLOR_NAME = AccentColor;
				CODE_SIGN_STYLE = Automatic;
				CURRENT_PROJECT_VERSION = 1;
				DEVELOPMENT_TEAM = Y6G7WKL99D;
				ENABLE_PREVIEWS = YES;
				GENERATE_INFOPLIST_FILE = YES;
				INFOPLIST_KEY_UIApplicationSceneManifest_Generation = YES;
				INFOPLIST_KEY_UIApplicationSupportsIndirectInputEvents = YES;
				INFOPLIST_KEY_UILaunchScreen_Generation = YES;
				INFOPLIST_KEY_UISupportedInterfaceOrientations_iPad = "UIInterfaceOrientationPortrait UIInterfaceOrientationPortraitUpsideDown UIInterfaceOrientationLandscapeLeft UIInterfaceOrientationLandscapeRight";
				INFOPLIST_KEY_UISupportedInterfaceOrientations_iPhone = "UIInterfaceOrientationPortrait UIInterfaceOrientationLandscapeLeft UIInterfaceOrientationLandscapeRight";
				LD_RUNPATH_SEARCH_PATHS = (
					"$(inherited)",
					"@executable_path/Frameworks",
				);
				MARKETING_VERSION = 1.0;
				PRODUCT_BUNDLE_IDENTIFIER = com.adamchen.TimeBank;
				PRODUCT_NAME = "$(TARGET_NAME)";
				STRING_CATALOG_GENERATE_SYMBOLS = YES;
				SWIFT_APPROACHABLE_CONCURRENCY = YES;
				SWIFT_DEFAULT_ACTOR_ISOLATION = MainActor;
				SWIFT_EMIT_LOC_STRINGS = YES;
				SWIFT_UPCOMING_FEATURE_MEMBER_IMPORT_VISIBILITY = YES;
				SWIFT_VERSION = 5.0;
				TARGETED_DEVICE_FAMILY = "1,2";
			};
			name = Release;
		};
		F13D3F992F989EE5007D270B /* Debug */ = {
			isa = XCBuildConfiguration;
			buildSettings = {
				BUNDLE_LOADER = "$(TEST_HOST)";
				CODE_SIGN_STYLE = Automatic;
				CURRENT_PROJECT_VERSION = 1;
				DEVELOPMENT_TEAM = Y6G7WKL99D;
				GENERATE_INFOPLIST_FILE = YES;
				IPHONEOS_DEPLOYMENT_TARGET = 26.4;
				MARKETING_VERSION = 1.0;
				PRODUCT_BUNDLE_IDENTIFIER = com.adamchen.TimeBankTests;
				PRODUCT_NAME = "$(TARGET_NAME)";
				STRING_CATALOG_GENERATE_SYMBOLS = NO;
				SWIFT_APPROACHABLE_CONCURRENCY = YES;
				SWIFT_EMIT_LOC_STRINGS = NO;
				SWIFT_UPCOMING_FEATURE_MEMBER_IMPORT_VISIBILITY = YES;
				SWIFT_VERSION = 5.0;
				TARGETED_DEVICE_FAMILY = "1,2";
				TEST_HOST = "$(BUILT_PRODUCTS_DIR)/TimeBank.app/$(BUNDLE_EXECUTABLE_FOLDER_PATH)/TimeBank";
			};
			name = Debug;
		};
		F13D3F9A2F989EE5007D270B /* Release */ = {
			isa = XCBuildConfiguration;
			buildSettings = {
				BUNDLE_LOADER = "$(TEST_HOST)";
				CODE_SIGN_STYLE = Automatic;
				CURRENT_PROJECT_VERSION = 1;
				DEVELOPMENT_TEAM = Y6G7WKL99D;
				GENERATE_INFOPLIST_FILE = YES;
				IPHONEOS_DEPLOYMENT_TARGET = 26.4;
				MARKETING_VERSION = 1.0;
				PRODUCT_BUNDLE_IDENTIFIER = com.adamchen.TimeBankTests;
				PRODUCT_NAME = "$(TARGET_NAME)";
				STRING_CATALOG_GENERATE_SYMBOLS = NO;
				SWIFT_APPROACHABLE_CONCURRENCY = YES;
				SWIFT_EMIT_LOC_STRINGS = NO;
				SWIFT_UPCOMING_FEATURE_MEMBER_IMPORT_VISIBILITY = YES;
				SWIFT_VERSION = 5.0;
				TARGETED_DEVICE_FAMILY = "1,2";
				TEST_HOST = "$(BUILT_PRODUCTS_DIR)/TimeBank.app/$(BUNDLE_EXECUTABLE_FOLDER_PATH)/TimeBank";
			};
			name = Release;
		};
		F13D3F9C2F989EE5007D270B /* Debug */ = {
			isa = XCBuildConfiguration;
			buildSettings = {
				CODE_SIGN_STYLE = Automatic;
				CURRENT_PROJECT_VERSION = 1;
				DEVELOPMENT_TEAM = Y6G7WKL99D;
				GENERATE_INFOPLIST_FILE = YES;
				MARKETING_VERSION = 1.0;
				PRODUCT_BUNDLE_IDENTIFIER = com.adamchen.TimeBankUITests;
				PRODUCT_NAME = "$(TARGET_NAME)";
				STRING_CATALOG_GENERATE_SYMBOLS = NO;
				SWIFT_APPROACHABLE_CONCURRENCY = YES;
				SWIFT_EMIT_LOC_STRINGS = NO;
				SWIFT_UPCOMING_FEATURE_MEMBER_IMPORT_VISIBILITY = YES;
				SWIFT_VERSION = 5.0;
				TARGETED_DEVICE_FAMILY = "1,2";
				TEST_TARGET_NAME = TimeBank;
			};
			name = Debug;
		};
		F13D3F9D2F989EE5007D270B /* Release */ = {
			isa = XCBuildConfiguration;
			buildSettings = {
				CODE_SIGN_STYLE = Automatic;
				CURRENT_PROJECT_VERSION = 1;
				DEVELOPMENT_TEAM = Y6G7WKL99D;
				GENERATE_INFOPLIST_FILE = YES;
				MARKETING_VERSION = 1.0;
				PRODUCT_BUNDLE_IDENTIFIER = com.adamchen.TimeBankUITests;
				PRODUCT_NAME = "$(TARGET_NAME)";
				STRING_CATALOG_GENERATE_SYMBOLS = NO;
				SWIFT_APPROACHABLE_CONCURRENCY = YES;
				SWIFT_EMIT_LOC_STRINGS = NO;
				SWIFT_UPCOMING_FEATURE_MEMBER_IMPORT_VISIBILITY = YES;
				SWIFT_VERSION = 5.0;
				TARGETED_DEVICE_FAMILY = "1,2";
				TEST_TARGET_NAME = TimeBank;
			};
			name = Release;
		};
/* End XCBuildConfiguration section */

/* Begin XCConfigurationList section */
		F13D3F6D2F989EE4007D270B /* Build configuration list for PBXProject "TimeBank" */ = {
			isa = XCConfigurationList;
			buildConfigurations = (
				F13D3F932F989EE5007D270B /* Debug */,
				F13D3F942F989EE5007D270B /* Release */,
			);
			defaultConfigurationIsVisible = 0;
			defaultConfigurationName = Release;
		};
		F13D3F952F989EE5007D270B /* Build configuration list for PBXNativeTarget "TimeBank" */ = {
			isa = XCConfigurationList;
			buildConfigurations = (
				F13D3F962F989EE5007D270B /* Debug */,
				F13D3F972F989EE5007D270B /* Release */,
			);
			defaultConfigurationIsVisible = 0;
			defaultConfigurationName = Release;
		};
		F13D3F982F989EE5007D270B /* Build configuration list for PBXNativeTarget "TimeBankTests" */ = {
			isa = XCConfigurationList;
			buildConfigurations = (
				F13D3F992F989EE5007D270B /* Debug */,
				F13D3F9A2F989EE5007D270B /* Release */,
			);
			defaultConfigurationIsVisible = 0;
			defaultConfigurationName = Release;
		};
		F13D3F9B2F989EE5007D270B /* Build configuration list for PBXNativeTarget "TimeBankUITests" */ = {
			isa = XCConfigurationList;
			buildConfigurations = (
				F13D3F9C2F989EE5007D270B /* Debug */,
				F13D3F9D2F989EE5007D270B /* Release */,
			);
			defaultConfigurationIsVisible = 0;
			defaultConfigurationName = Release;
		};
/* End XCConfigurationList section */
	};
	rootObject = F13D3F6A2F989EE4007D270B /* Project object */;
}
